// !$*UTF8*$!
{
	archiveVersion = 1;
	classes = {
	};
	objectVersion = 50;
	objects = {

/* Begin PBXBuildFile section */
		0476E5AF0E1521F7827896A2 /* Pods_frientinghyun.framework in Frameworks */ = {isa = PBXBuildFile; fileRef = 5784C5587B307FA24D382B1E /* Pods_frientinghyun.framework */; };
		5E6E519020F5DEE0002CA8DD /* Info.plist in Resources */ = {isa = PBXBuildFile; fileRef = 5E9F327520F5CED6003D551A /* Info.plist */; };
		5E9F326C20F5CED5003D551A /* ViewController.swift in Sources */ = {isa = PBXBuildFile; fileRef = 5E9F326B20F5CED5003D551A /* ViewController.swift */; };
		5E9F326F20F5CED5003D551A /* Main.storyboard in Resources */ = {isa = PBXBuildFile; fileRef = 5E9F326D20F5CED5003D551A /* Main.storyboard */; };
		5E9F327420F5CED6003D551A /* LaunchScreen.storyboard in Resources */ = {isa = PBXBuildFile; fileRef = 5E9F327220F5CED6003D551A /* LaunchScreen.storyboard */; };
		5E9F327F20F5CED6003D551A /* frientinghyunTests.swift in Sources */ = {isa = PBXBuildFile; fileRef = 5E9F327E20F5CED6003D551A /* frientinghyunTests.swift */; };
		5E9F328A20F5CED6003D551A /* frientinghyunUITests.swift in Sources */ = {isa = PBXBuildFile; fileRef = 5E9F328920F5CED6003D551A /* frientinghyunUITests.swift */; };
		760AEFE5211F163B003F8B14 /* PageContentController.swift in Sources */ = {isa = PBXBuildFile; fileRef = 760AEFE0211F163B003F8B14 /* PageContentController.swift */; };
		760AEFE6211F163B003F8B14 /* TutorialContentViewController.swift in Sources */ = {isa = PBXBuildFile; fileRef = 760AEFE1211F163B003F8B14 /* TutorialContentViewController.swift */; };
		760AEFE7211F163B003F8B14 /* TutorialPageViewController.swift in Sources */ = {isa = PBXBuildFile; fileRef = 760AEFE2211F163B003F8B14 /* TutorialPageViewController.swift */; };
		760AEFE8211F163B003F8B14 /* AppDelegate.swift in Sources */ = {isa = PBXBuildFile; fileRef = 760AEFE3211F163B003F8B14 /* AppDelegate.swift */; };
		760AEFE9211F163B003F8B14 /* initialViewController.swift in Sources */ = {isa = PBXBuildFile; fileRef = 760AEFE4211F163B003F8B14 /* initialViewController.swift */; };
		760AEFEC211F1716003F8B14 /* Assets.xcassets in Resources */ = {isa = PBXBuildFile; fileRef = 760AEFEA211F1715003F8B14 /* Assets.xcassets */; };
		760AEFED211F1716003F8B14 /* mainImages.xcassets in Resources */ = {isa = PBXBuildFile; fileRef = 760AEFEB211F1716003F8B14 /* mainImages.xcassets */; };
		760AEFEF21280075003F8B14 /* MainViewController.swift in Sources */ = {isa = PBXBuildFile; fileRef = 760AEFEE21280075003F8B14 /* MainViewController.swift */; };
		760AEFF12128059E003F8B14 /* RecruitViewController.swift in Sources */ = {isa = PBXBuildFile; fileRef = 760AEFF02128059E003F8B14 /* RecruitViewController.swift */; };
		94E99B6A1850CA4A5753378A /* Pods_frientinghyunTests.framework in Frameworks */ = {isa = PBXBuildFile; fileRef = B45173C9BBF04EF872E2BCC0 /* Pods_frientinghyunTests.framework */; };
/* End PBXBuildFile section */

/* Begin PBXContainerItemProxy section */
		5E9F327B20F5CED6003D551A /* PBXContainerItemProxy */ = {
			isa = PBXContainerItemProxy;
			containerPortal = 5E9F325E20F5CED5003D551A /* Project object */;
			proxyType = 1;
			remoteGlobalIDString = 5E9F326520F5CED5003D551A;
			remoteInfo = frientinghyun;
		};
		5E9F328620F5CED6003D551A /* PBXContainerItemProxy */ = {
			isa = PBXContainerItemProxy;
			containerPortal = 5E9F325E20F5CED5003D551A /* Project object */;
			proxyType = 1;
			remoteGlobalIDString = 5E9F326520F5CED5003D551A;
			remoteInfo = frientinghyun;
		};
/* End PBXContainerItemProxy section */

/* Begin PBXFileReference section */
		04CDF8BF2CBF78DD7E015216 /* Pods-frientinghyunTests.debug.xcconfig */ = {isa = PBXFileReference; includeInIndex = 1; lastKnownFileType = text.xcconfig; name = "Pods-frientinghyunTests.debug.xcconfig"; path = "Pods/Target Support Files/Pods-frientinghyunTests/Pods-frientinghyunTests.debug.xcconfig"; sourceTree = "<group>"; };
		3575A8D05AAC0EDF3460B6FE /* Pods-frientinghyunTests.release.xcconfig */ = {isa = PBXFileReference; includeInIndex = 1; lastKnownFileType = text.xcconfig; name = "Pods-frientinghyunTests.release.xcconfig"; path = "Pods/Target Support Files/Pods-frientinghyunTests/Pods-frientinghyunTests.release.xcconfig"; sourceTree = "<group>"; };
		5784C5587B307FA24D382B1E /* Pods_frientinghyun.framework */ = {isa = PBXFileReference; explicitFileType = wrapper.framework; includeInIndex = 0; path = Pods_frientinghyun.framework; sourceTree = BUILT_PRODUCTS_DIR; };
		59BC8D2C1D8BE009CCFA6999 /* Pods-frientinghyun.release.xcconfig */ = {isa = PBXFileReference; includeInIndex = 1; lastKnownFileType = text.xcconfig; name = "Pods-frientinghyun.release.xcconfig"; path = "Pods/Target Support Files/Pods-frientinghyun/Pods-frientinghyun.release.xcconfig"; sourceTree = "<group>"; };
		5E9F326620F5CED5003D551A /* frientinghyun.app */ = {isa = PBXFileReference; explicitFileType = wrapper.application; includeInIndex = 0; path = frientinghyun.app; sourceTree = BUILT_PRODUCTS_DIR; };
		5E9F326B20F5CED5003D551A /* ViewController.swift */ = {isa = PBXFileReference; lastKnownFileType = sourcecode.swift; path = ViewController.swift; sourceTree = "<group>"; };
		5E9F326E20F5CED5003D551A /* Base */ = {isa = PBXFileReference; lastKnownFileType = file.storyboard; name = Base; path = Base.lproj/Main.storyboard; sourceTree = "<group>"; };
		5E9F327320F5CED6003D551A /* Base */ = {isa = PBXFileReference; lastKnownFileType = file.storyboard; name = Base; path = Base.lproj/LaunchScreen.storyboard; sourceTree = "<group>"; };
		5E9F327520F5CED6003D551A /* Info.plist */ = {isa = PBXFileReference; lastKnownFileType = text.plist.xml; path = Info.plist; sourceTree = "<group>"; };
		5E9F327A20F5CED6003D551A /* frientinghyunTests.xctest */ = {isa = PBXFileReference; explicitFileType = wrapper.cfbundle; includeInIndex = 0; path = frientinghyunTests.xctest; sourceTree = BUILT_PRODUCTS_DIR; };
		5E9F327E20F5CED6003D551A /* frientinghyunTests.swift */ = {isa = PBXFileReference; lastKnownFileType = sourcecode.swift; path = frientinghyunTests.swift; sourceTree = "<group>"; };
		5E9F328020F5CED6003D551A /* Info.plist */ = {isa = PBXFileReference; lastKnownFileType = text.plist.xml; path = Info.plist; sourceTree = "<group>"; };
		5E9F328520F5CED6003D551A /* frientinghyunUITests.xctest */ = {isa = PBXFileReference; explicitFileType = wrapper.cfbundle; includeInIndex = 0; path = frientinghyunUITests.xctest; sourceTree = BUILT_PRODUCTS_DIR; };
		5E9F328920F5CED6003D551A /* frientinghyunUITests.swift */ = {isa = PBXFileReference; lastKnownFileType = sourcecode.swift; path = frientinghyunUITests.swift; sourceTree = "<group>"; };
		5E9F328B20F5CED6003D551A /* Info.plist */ = {isa = PBXFileReference; lastKnownFileType = text.plist.xml; path = Info.plist; sourceTree = "<group>"; };
		760AEFE0211F163B003F8B14 /* PageContentController.swift */ = {isa = PBXFileReference; fileEncoding = 4; lastKnownFileType = sourcecode.swift; name = PageContentController.swift; path = ../../../../tutorial/tutorial/Frienting/PageContentController.swift; sourceTree = "<group>"; };
		760AEFE1211F163B003F8B14 /* TutorialContentViewController.swift */ = {isa = PBXFileReference; fileEncoding = 4; lastKnownFileType = sourcecode.swift; name = TutorialContentViewController.swift; path = ../../../../tutorial/tutorial/Frienting/TutorialContentViewController.swift; sourceTree = "<group>"; };
		760AEFE2211F163B003F8B14 /* TutorialPageViewController.swift */ = {isa = PBXFileReference; fileEncoding = 4; lastKnownFileType = sourcecode.swift; name = TutorialPageViewController.swift; path = ../../../../tutorial/tutorial/Frienting/TutorialPageViewController.swift; sourceTree = "<group>"; };
		760AEFE3211F163B003F8B14 /* AppDelegate.swift */ = {isa = PBXFileReference; fileEncoding = 4; lastKnownFileType = sourcecode.swift; name = AppDelegate.swift; path = ../../../../tutorial/tutorial/Frienting/AppDelegate.swift; sourceTree = "<group>"; };
		760AEFE4211F163B003F8B14 /* initialViewController.swift */ = {isa = PBXFileReference; fileEncoding = 4; lastKnownFileType = sourcecode.swift; name = initialViewController.swift; path = ../../../../tutorial/tutorial/Frienting/initialViewController.swift; sourceTree = "<group>"; };
		760AEFEA211F1715003F8B14 /* Assets.xcassets */ = {isa = PBXFileReference; lastKnownFileType = folder.assetcatalog; name = Assets.xcassets; path = ../../../tutorial/tutorial/Frienting/Assets.xcassets; sourceTree = "<group>"; };
		760AEFEB211F1716003F8B14 /* mainImages.xcassets */ = {isa = PBXFileReference; lastKnownFileType = folder.assetcatalog; name = mainImages.xcassets; path = "../../../frienting-1/frientinghyun/Resources/mainImages.xcassets"; sourceTree = "<group>"; };
		760AEFEE21280075003F8B14 /* MainViewController.swift */ = {isa = PBXFileReference; lastKnownFileType = sourcecode.swift; path = MainViewController.swift; sourceTree = "<group>"; };
		760AEFF02128059E003F8B14 /* RecruitViewController.swift */ = {isa = PBXFileReference; lastKnownFileType = sourcecode.swift; path = RecruitViewController.swift; sourceTree = "<group>"; };
		A86C787C83A6E3DAAC6551F0 /* Pods-frientinghyun.debug.xcconfig */ = {isa = PBXFileReference; includeInIndex = 1; lastKnownFileType = text.xcconfig; name = "Pods-frientinghyun.debug.xcconfig"; path = "Pods/Target Support Files/Pods-frientinghyun/Pods-frientinghyun.debug.xcconfig"; sourceTree = "<group>"; };
		B45173C9BBF04EF872E2BCC0 /* Pods_frientinghyunTests.framework */ = {isa = PBXFileReference; explicitFileType = wrapper.framework; includeInIndex = 0; path = Pods_frientinghyunTests.framework; sourceTree = BUILT_PRODUCTS_DIR; };
/* End PBXFileReference section */

/* Begin PBXFrameworksBuildPhase section */
		5E9F326320F5CED5003D551A /* Frameworks */ = {
			isa = PBXFrameworksBuildPhase;
			buildActionMask = 2147483647;
			files = (
				0476E5AF0E1521F7827896A2 /* Pods_frientinghyun.framework in Frameworks */,
			);
			runOnlyForDeploymentPostprocessing = 0;
		};
		5E9F327720F5CED6003D551A /* Frameworks */ = {
			isa = PBXFrameworksBuildPhase;
			buildActionMask = 2147483647;
			files = (
				94E99B6A1850CA4A5753378A /* Pods_frientinghyunTests.framework in Frameworks */,
			);
			runOnlyForDeploymentPostprocessing = 0;
		};
		5E9F328220F5CED6003D551A /* Frameworks */ = {
			isa = PBXFrameworksBuildPhase;
			buildActionMask = 2147483647;
			files = (
			);
			runOnlyForDeploymentPostprocessing = 0;
		};
/* End PBXFrameworksBuildPhase section */

/* Begin PBXGroup section */
		5E0E57EE2115CE7F0032959F /* Sources */ = {
			isa = PBXGroup;
			children = (
				5E0E57EF2115CE8E0032959F /* Shared */,
				5E0E57F02115CEA70032959F /* Model */,
				5E0E57F12115CECE0032959F /* Controllers */,
			);
			path = Sources;
			sourceTree = "<group>";
		};
		5E0E57EF2115CE8E0032959F /* Shared */ = {
			isa = PBXGroup;
			children = (
			);
			path = Shared;
			sourceTree = "<group>";
		};
		5E0E57F02115CEA70032959F /* Model */ = {
			isa = PBXGroup;
			children = (
			);
			path = Model;
			sourceTree = "<group>";
		};
		5E0E57F12115CECE0032959F /* Controllers */ = {
			isa = PBXGroup;
			children = (
				760AEFE3211F163B003F8B14 /* AppDelegate.swift */,
				760AEFE4211F163B003F8B14 /* initialViewController.swift */,
				760AEFE0211F163B003F8B14 /* PageContentController.swift */,
				760AEFE1211F163B003F8B14 /* TutorialContentViewController.swift */,
				760AEFE2211F163B003F8B14 /* TutorialPageViewController.swift */,
				5E9F326B20F5CED5003D551A /* ViewController.swift */,
				760AEFEE21280075003F8B14 /* MainViewController.swift */,
				760AEFF02128059E003F8B14 /* RecruitViewController.swift */,
			);
			path = Controllers;
			sourceTree = "<group>";
		};
		5E0E57F22115CEED0032959F /* Storyboards */ = {
			isa = PBXGroup;
			children = (
				5E9F326D20F5CED5003D551A /* Main.storyboard */,
				5E9F327220F5CED6003D551A /* LaunchScreen.storyboard */,
			);
			path = Storyboards;
			sourceTree = "<group>";
		};
		5E0E57F32115CF100032959F /* Resources */ = {
			isa = PBXGroup;
			children = (
				760AEFEA211F1715003F8B14 /* Assets.xcassets */,
				760AEFEB211F1716003F8B14 /* mainImages.xcassets */,
			);
			path = Resources;
			sourceTree = "<group>";
		};
		5E9F325D20F5CED5003D551A = {
			isa = PBXGroup;
			children = (
				5E9F326820F5CED5003D551A /* frientinghyun */,
				5E9F327D20F5CED6003D551A /* frientinghyunTests */,
				5E9F328820F5CED6003D551A /* frientinghyunUITests */,
				5E9F326720F5CED5003D551A /* Products */,
				AB53A0841B28A36D8E71719E /* Pods */,
				7632269071C45019172453D3 /* Frameworks */,
			);
			sourceTree = "<group>";
		};
		5E9F326720F5CED5003D551A /* Products */ = {
			isa = PBXGroup;
			children = (
				5E9F326620F5CED5003D551A /* frientinghyun.app */,
				5E9F327A20F5CED6003D551A /* frientinghyunTests.xctest */,
				5E9F328520F5CED6003D551A /* frientinghyunUITests.xctest */,
			);
			name = Products;
			sourceTree = "<group>";
		};
		5E9F326820F5CED5003D551A /* frientinghyun */ = {
			isa = PBXGroup;
			children = (
				5E9F327520F5CED6003D551A /* Info.plist */,
				5E0E57EE2115CE7F0032959F /* Sources */,
				5E0E57F22115CEED0032959F /* Storyboards */,
				5E0E57F32115CF100032959F /* Resources */,
			);
			path = frientinghyun;
			sourceTree = "<group>";
		};
		5E9F327D20F5CED6003D551A /* frientinghyunTests */ = {
			isa = PBXGroup;
			children = (
				5E9F327E20F5CED6003D551A /* frientinghyunTests.swift */,
				5E9F328020F5CED6003D551A /* Info.plist */,
			);
			path = frientinghyunTests;
			sourceTree = "<group>";
		};
		5E9F328820F5CED6003D551A /* frientinghyunUITests */ = {
			isa = PBXGroup;
			children = (
				5E9F328920F5CED6003D551A /* frientinghyunUITests.swift */,
				5E9F328B20F5CED6003D551A /* Info.plist */,
			);
			path = frientinghyunUITests;
			sourceTree = "<group>";
		};
		7632269071C45019172453D3 /* Frameworks */ = {
			isa = PBXGroup;
			children = (
				5784C5587B307FA24D382B1E /* Pods_frientinghyun.framework */,
				B45173C9BBF04EF872E2BCC0 /* Pods_frientinghyunTests.framework */,
			);
			name = Frameworks;
			sourceTree = "<group>";
		};
		AB53A0841B28A36D8E71719E /* Pods */ = {
			isa = PBXGroup;
			children = (
				A86C787C83A6E3DAAC6551F0 /* Pods-frientinghyun.debug.xcconfig */,
				59BC8D2C1D8BE009CCFA6999 /* Pods-frientinghyun.release.xcconfig */,
				04CDF8BF2CBF78DD7E015216 /* Pods-frientinghyunTests.debug.xcconfig */,
				3575A8D05AAC0EDF3460B6FE /* Pods-frientinghyunTests.release.xcconfig */,
			);
			name = Pods;
			sourceTree = "<group>";
		};
/* End PBXGroup section */

/* Begin PBXNativeTarget section */
		5E9F326520F5CED5003D551A /* frientinghyun */ = {
			isa = PBXNativeTarget;
			buildConfigurationList = 5E9F328E20F5CED6003D551A /* Build configuration list for PBXNativeTarget "frientinghyun" */;
			buildPhases = (
				F41FF9D00919AE29F976F118 /* [CP] Check Pods Manifest.lock */,
				5E9F326220F5CED5003D551A /* Sources */,
				5E9F326320F5CED5003D551A /* Frameworks */,
				5E9F326420F5CED5003D551A /* Resources */,
			);
			buildRules = (
			);
			dependencies = (
			);
			name = frientinghyun;
			productName = frientinghyun;
			productReference = 5E9F326620F5CED5003D551A /* frientinghyun.app */;
			productType = "com.apple.product-type.application";
		};
		5E9F327920F5CED6003D551A /* frientinghyunTests */ = {
			isa = PBXNativeTarget;
			buildConfigurationList = 5E9F329120F5CED6003D551A /* Build configuration list for PBXNativeTarget "frientinghyunTests" */;
			buildPhases = (
				923C54C77205BC3515CD2FA7 /* [CP] Check Pods Manifest.lock */,
				5E9F327620F5CED6003D551A /* Sources */,
				5E9F327720F5CED6003D551A /* Frameworks */,
				5E9F327820F5CED6003D551A /* Resources */,
				4B56B224C462E11441E073EA /* [CP] Embed Pods Frameworks */,
			);
			buildRules = (
			);
			dependencies = (
				5E9F327C20F5CED6003D551A /* PBXTargetDependency */,
			);
			name = frientinghyunTests;
			productName = frientinghyunTests;
			productReference = 5E9F327A20F5CED6003D551A /* frientinghyunTests.xctest */;
			productType = "com.apple.product-type.bundle.unit-test";
		};
		5E9F328420F5CED6003D551A /* frientinghyunUITests */ = {
			isa = PBXNativeTarget;
			buildConfigurationList = 5E9F329420F5CED6003D551A /* Build configuration list for PBXNativeTarget "frientinghyunUITests" */;
			buildPhases = (
				5E9F328120F5CED6003D551A /* Sources */,
				5E9F328220F5CED6003D551A /* Frameworks */,
				5E9F328320F5CED6003D551A /* Resources */,
			);
			buildRules = (
			);
			dependencies = (
				5E9F328720F5CED6003D551A /* PBXTargetDependency */,
			);
			name = frientinghyunUITests;
			productName = frientinghyunUITests;
			productReference = 5E9F328520F5CED6003D551A /* frientinghyunUITests.xctest */;
			productType = "com.apple.product-type.bundle.ui-testing";
		};
/* End PBXNativeTarget section */

/* Begin PBXProject section */
		5E9F325E20F5CED5003D551A /* Project object */ = {
			isa = PBXProject;
			attributes = {
				LastSwiftUpdateCheck = 0940;
				LastUpgradeCheck = 0940;
				ORGANIZATIONNAME = "이의현";
				TargetAttributes = {
					5E9F326520F5CED5003D551A = {
						CreatedOnToolsVersion = 9.4.1;
					};
					5E9F327920F5CED6003D551A = {
						CreatedOnToolsVersion = 9.4.1;
						TestTargetID = 5E9F326520F5CED5003D551A;
					};
					5E9F328420F5CED6003D551A = {
						CreatedOnToolsVersion = 9.4.1;
						TestTargetID = 5E9F326520F5CED5003D551A;
					};
				};
			};
			buildConfigurationList = 5E9F326120F5CED5003D551A /* Build configuration list for PBXProject "frientinghyun" */;
			compatibilityVersion = "Xcode 9.3";
			developmentRegion = en;
			hasScannedForEncodings = 0;
			knownRegions = (
				en,
				Base,
			);
			mainGroup = 5E9F325D20F5CED5003D551A;
			productRefGroup = 5E9F326720F5CED5003D551A /* Products */;
			projectDirPath = "";
			projectRoot = "";
			targets = (
				5E9F326520F5CED5003D551A /* frientinghyun */,
				5E9F327920F5CED6003D551A /* frientinghyunTests */,
				5E9F328420F5CED6003D551A /* frientinghyunUITests */,
			);
		};
/* End PBXProject section */

/* Begin PBXResourcesBuildPhase section */
		5E9F326420F5CED5003D551A /* Resources */ = {
			isa = PBXResourcesBuildPhase;
			buildActionMask = 2147483647;
			files = (
				5E6E519020F5DEE0002CA8DD /* Info.plist in Resources */,
				5E9F327420F5CED6003D551A /* LaunchScreen.storyboard in Resources */,
				5E9F326F20F5CED5003D551A /* Main.storyboard in Resources */,
				760AEFED211F1716003F8B14 /* mainImages.xcassets in Resources */,
				760AEFEC211F1716003F8B14 /* Assets.xcassets in Resources */,
			);
			runOnlyForDeploymentPostprocessing = 0;
		};
		5E9F327820F5CED6003D551A /* Resources */ = {
			isa = PBXResourcesBuildPhase;
			buildActionMask = 2147483647;
			files = (
			);
			runOnlyForDeploymentPostprocessing = 0;
		};
		5E9F328320F5CED6003D551A /* Resources */ = {
			isa = PBXResourcesBuildPhase;
			buildActionMask = 2147483647;
			files = (
			);
			runOnlyForDeploymentPostprocessing = 0;
		};
/* End PBXResourcesBuildPhase section */

/* Begin PBXShellScriptBuildPhase section */
		4B56B224C462E11441E073EA /* [CP] Embed Pods Frameworks */ = {
			isa = PBXShellScriptBuildPhase;
			buildActionMask = 2147483647;
			files = (
			);
			inputPaths = (
				"${SRCROOT}/Pods/Target Support Files/Pods-frientinghyunTests/Pods-frientinghyunTests-frameworks.sh",
				"${BUILT_PRODUCTS_DIR}/Nimble/Nimble.framework",
			);
			name = "[CP] Embed Pods Frameworks";
			outputPaths = (
				"${TARGET_BUILD_DIR}/${FRAMEWORKS_FOLDER_PATH}/Nimble.framework",
			);
			runOnlyForDeploymentPostprocessing = 0;
			shellPath = /bin/sh;
			shellScript = "\"${SRCROOT}/Pods/Target Support Files/Pods-frientinghyunTests/Pods-frientinghyunTests-frameworks.sh\"\n";
			showEnvVarsInLog = 0;
		};
		923C54C77205BC3515CD2FA7 /* [CP] Check Pods Manifest.lock */ = {
			isa = PBXShellScriptBuildPhase;
			buildActionMask = 2147483647;
			files = (
			);
			inputPaths = (
				"${PODS_PODFILE_DIR_PATH}/Podfile.lock",
				"${PODS_ROOT}/Manifest.lock",
			);
			name = "[CP] Check Pods Manifest.lock";
			outputPaths = (
				"$(DERIVED_FILE_DIR)/Pods-frientinghyunTests-checkManifestLockResult.txt",
			);
			runOnlyForDeploymentPostprocessing = 0;
			shellPath = /bin/sh;
			shellScript = "diff \"${PODS_PODFILE_DIR_PATH}/Podfile.lock\" \"${PODS_ROOT}/Manifest.lock\" > /dev/null\nif [ $? != 0 ] ; then\n    # print error to STDERR\n    echo \"error: The sandbox is not in sync with the Podfile.lock. Run 'pod install' or update your CocoaPods installation.\" >&2\n    exit 1\nfi\n# This output is used by Xcode 'outputs' to avoid re-running this script phase.\necho \"SUCCESS\" > \"${SCRIPT_OUTPUT_FILE_0}\"\n";
			showEnvVarsInLog = 0;
		};
		F41FF9D00919AE29F976F118 /* [CP] Check Pods Manifest.lock */ = {
			isa = PBXShellScriptBuildPhase;
			buildActionMask = 2147483647;
			files = (
			);
			inputPaths = (
				"${PODS_PODFILE_DIR_PATH}/Podfile.lock",
				"${PODS_ROOT}/Manifest.lock",
			);
			name = "[CP] Check Pods Manifest.lock";
			outputPaths = (
				"$(DERIVED_FILE_DIR)/Pods-frientinghyun-checkManifestLockResult.txt",
			);
			runOnlyForDeploymentPostprocessing = 0;
			shellPath = /bin/sh;
			shellScript = "diff \"${PODS_PODFILE_DIR_PATH}/Podfile.lock\" \"${PODS_ROOT}/Manifest.lock\" > /dev/null\nif [ $? != 0 ] ; then\n    # print error to STDERR\n    echo \"error: The sandbox is not in sync with the Podfile.lock. Run 'pod install' or update your CocoaPods installation.\" >&2\n    exit 1\nfi\n# This output is used by Xcode 'outputs' to avoid re-running this script phase.\necho \"SUCCESS\" > \"${SCRIPT_OUTPUT_FILE_0}\"\n";
			showEnvVarsInLog = 0;
		};
/* End PBXShellScriptBuildPhase section */

/* Begin PBXSourcesBuildPhase section */
		5E9F326220F5CED5003D551A /* Sources */ = {
			isa = PBXSourcesBuildPhase;
			buildActionMask = 2147483647;
			files = (
				760AEFE8211F163B003F8B14 /* AppDelegate.swift in Sources */,
				760AEFE9211F163B003F8B14 /* initialViewController.swift in Sources */,
				760AEFEF21280075003F8B14 /* MainViewController.swift in Sources */,
				760AEFF12128059E003F8B14 /* RecruitViewController.swift in Sources */,
				760AEFE6211F163B003F8B14 /* TutorialContentViewController.swift in Sources */,
				760AEFE7211F163B003F8B14 /* TutorialPageViewController.swift in Sources */,
				5E9F326C20F5CED5003D551A /* ViewController.swift in Sources */,
				760AEFE5211F163B003F8B14 /* PageContentController.swift in Sources */,
			);
			runOnlyForDeploymentPostprocessing = 0;
		};
		5E9F327620F5CED6003D551A /* Sources */ = {
			isa = PBXSourcesBuildPhase;
			buildActionMask = 2147483647;
			files = (
				5E9F327F20F5CED6003D551A /* frientinghyunTests.swift in Sources */,
			);
			runOnlyForDeploymentPostprocessing = 0;
		};
		5E9F328120F5CED6003D551A /* Sources */ = {
			isa = PBXSourcesBuildPhase;
			buildActionMask = 2147483647;
			files = (
				5E9F328A20F5CED6003D551A /* frientinghyunUITests.swift in Sources */,
			);
			runOnlyForDeploymentPostprocessing = 0;
		};
/* End PBXSourcesBuildPhase section */

/* Begin PBXTargetDependency section */
		5E9F327C20F5CED6003D551A /* PBXTargetDependency */ = {
			isa = PBXTargetDependency;
			target = 5E9F326520F5CED5003D551A /* frientinghyun */;
			targetProxy = 5E9F327B20F5CED6003D551A /* PBXContainerItemProxy */;
		};
		5E9F328720F5CED6003D551A /* PBXTargetDependency */ = {
			isa = PBXTargetDependency;
			target = 5E9F326520F5CED5003D551A /* frientinghyun */;
			targetProxy = 5E9F328620F5CED6003D551A /* PBXContainerItemProxy */;
		};
/* End PBXTargetDependency section */

/* Begin PBXVariantGroup section */
		5E9F326D20F5CED5003D551A /* Main.storyboard */ = {
			isa = PBXVariantGroup;
			children = (
				5E9F326E20F5CED5003D551A /* Base */,
			);
			name = Main.storyboard;
			sourceTree = "<group>";
		};
		5E9F327220F5CED6003D551A /* LaunchScreen.storyboard */ = {
			isa = PBXVariantGroup;
			children = (
				5E9F327320F5CED6003D551A /* Base */,
			);
			name = LaunchScreen.storyboard;
			sourceTree = "<group>";
		};
/* End PBXVariantGroup section */

/* Begin XCBuildConfiguration section */
		5E9F328C20F5CED6003D551A /* Debug */ = {
			isa = XCBuildConfiguration;
			buildSettings = {
				ALWAYS_SEARCH_USER_PATHS = NO;
				CLANG_ANALYZER_NONNULL = YES;
				CLANG_ANALYZER_NUMBER_OBJECT_CONVERSION = YES_AGGRESSIVE;
				CLANG_CXX_LANGUAGE_STANDARD = "gnu++14";
				CLANG_CXX_LIBRARY = "libc++";
				CLANG_ENABLE_MODULES = YES;
				CLANG_ENABLE_OBJC_ARC = YES;
				CLANG_ENABLE_OBJC_WEAK = YES;
				CLANG_WARN_BLOCK_CAPTURE_AUTORELEASING = YES;
				CLANG_WARN_BOOL_CONVERSION = YES;
				CLANG_WARN_COMMA = YES;
				CLANG_WARN_CONSTANT_CONVERSION = YES;
				CLANG_WARN_DEPRECATED_OBJC_IMPLEMENTATIONS = YES;
				CLANG_WARN_DIRECT_OBJC_ISA_USAGE = YES_ERROR;
				CLANG_WARN_DOCUMENTATION_COMMENTS = YES;
				CLANG_WARN_EMPTY_BODY = YES;
				CLANG_WARN_ENUM_CONVERSION = YES;
				CLANG_WARN_INFINITE_RECURSION = YES;
				CLANG_WARN_INT_CONVERSION = YES;
				CLANG_WARN_NON_LITERAL_NULL_CONVERSION = YES;
				CLANG_WARN_OBJC_IMPLICIT_RETAIN_SELF = YES;
				CLANG_WARN_OBJC_LITERAL_CONVERSION = YES;
				CLANG_WARN_OBJC_ROOT_CLASS = YES_ERROR;
				CLANG_WARN_RANGE_LOOP_ANALYSIS = YES;
				CLANG_WARN_STRICT_PROTOTYPES = YES;
				CLANG_WARN_SUSPICIOUS_MOVE = YES;
				CLANG_WARN_UNGUARDED_AVAILABILITY = YES_AGGRESSIVE;
				CLANG_WARN_UNREACHABLE_CODE = YES;
				CLANG_WARN__DUPLICATE_METHOD_MATCH = YES;
				CODE_SIGN_IDENTITY = "iPhone Developer";
				COPY_PHASE_STRIP = NO;
				DEBUG_INFORMATION_FORMAT = dwarf;
				ENABLE_STRICT_OBJC_MSGSEND = YES;
				ENABLE_TESTABILITY = YES;
				GCC_C_LANGUAGE_STANDARD = gnu11;
				GCC_DYNAMIC_NO_PIC = NO;
				GCC_NO_COMMON_BLOCKS = YES;
				GCC_OPTIMIZATION_LEVEL = 0;
				GCC_PREPROCESSOR_DEFINITIONS = (
					"DEBUG=1",
					"$(inherited)",
				);
				GCC_WARN_64_TO_32_BIT_CONVERSION = YES;
				GCC_WARN_ABOUT_RETURN_TYPE = YES_ERROR;
				GCC_WARN_UNDECLARED_SELECTOR = YES;
				GCC_WARN_UNINITIALIZED_AUTOS = YES_AGGRESSIVE;
				GCC_WARN_UNUSED_FUNCTION = YES;
				GCC_WARN_UNUSED_VARIABLE = YES;
				IPHONEOS_DEPLOYMENT_TARGET = 11.4;
				MTL_ENABLE_DEBUG_INFO = YES;
				ONLY_ACTIVE_ARCH = YES;
				SDKROOT = iphoneos;
				SWIFT_ACTIVE_COMPILATION_CONDITIONS = DEBUG;
				SWIFT_OPTIMIZATION_LEVEL = "-Onone";
			};
			name = Debug;
		};
		5E9F328D20F5CED6003D551A /* Release */ = {
			isa = XCBuildConfiguration;
			buildSettings = {
				ALWAYS_SEARCH_USER_PATHS = NO;
				CLANG_ANALYZER_NONNULL = YES;
				CLANG_ANALYZER_NUMBER_OBJECT_CONVERSION = YES_AGGRESSIVE;
				CLANG_CXX_LANGUAGE_STANDARD = "gnu++14";
				CLANG_CXX_LIBRARY = "libc++";
				CLANG_ENABLE_MODULES = YES;
				CLANG_ENABLE_OBJC_ARC = YES;
				CLANG_ENABLE_OBJC_WEAK = YES;
				CLANG_WARN_BLOCK_CAPTURE_AUTORELEASING = YES;
				CLANG_WARN_BOOL_CONVERSION = YES;
				CLANG_WARN_COMMA = YES;
				CLANG_WARN_CONSTANT_CONVERSION = YES;
				CLANG_WARN_DEPRECATED_OBJC_IMPLEMENTATIONS = YES;
				CLANG_WARN_DIRECT_OBJC_ISA_USAGE = YES_ERROR;
				CLANG_WARN_DOCUMENTATION_COMMENTS = YES;
				CLANG_WARN_EMPTY_BODY = YES;
				CLANG_WARN_ENUM_CONVERSION = YES;
				CLANG_WARN_INFINITE_RECURSION = YES;
				CLANG_WARN_INT_CONVERSION = YES;
				CLANG_WARN_NON_LITERAL_NULL_CONVERSION = YES;
				CLANG_WARN_OBJC_IMPLICIT_RETAIN_SELF = YES;
				CLANG_WARN_OBJC_LITERAL_CONVERSION = YES;
				CLANG_WARN_OBJC_ROOT_CLASS = YES_ERROR;
				CLANG_WARN_RANGE_LOOP_ANALYSIS = YES;
				CLANG_WARN_STRICT_PROTOTYPES = YES;
				CLANG_WARN_SUSPICIOUS_MOVE = YES;
				CLANG_WARN_UNGUARDED_AVAILABILITY = YES_AGGRESSIVE;
				CLANG_WARN_UNREACHABLE_CODE = YES;
				CLANG_WARN__DUPLICATE_METHOD_MATCH = YES;
				CODE_SIGN_IDENTITY = "iPhone Developer";
				COPY_PHASE_STRIP = NO;
				DEBUG_INFORMATION_FORMAT = "dwarf-with-dsym";
				ENABLE_NS_ASSERTIONS = NO;
				ENABLE_STRICT_OBJC_MSGSEND = YES;
				GCC_C_LANGUAGE_STANDARD = gnu11;
				GCC_NO_COMMON_BLOCKS = YES;
				GCC_WARN_64_TO_32_BIT_CONVERSION = YES;
				GCC_WARN_ABOUT_RETURN_TYPE = YES_ERROR;
				GCC_WARN_UNDECLARED_SELECTOR = YES;
				GCC_WARN_UNINITIALIZED_AUTOS = YES_AGGRESSIVE;
				GCC_WARN_UNUSED_FUNCTION = YES;
				GCC_WARN_UNUSED_VARIABLE = YES;
				IPHONEOS_DEPLOYMENT_TARGET = 11.4;
				MTL_ENABLE_DEBUG_INFO = NO;
				SDKROOT = iphoneos;
				SWIFT_COMPILATION_MODE = wholemodule;
				SWIFT_OPTIMIZATION_LEVEL = "-O";
				VALIDATE_PRODUCT = YES;
			};
			name = Release;
		};
		5E9F328F20F5CED6003D551A /* Debug */ = {
			isa = XCBuildConfiguration;
			baseConfigurationReference = A86C787C83A6E3DAAC6551F0 /* Pods-frientinghyun.debug.xcconfig */;
			buildSettings = {
				ASSETCATALOG_COMPILER_APPICON_NAME = AppIcon;
				CODE_SIGN_IDENTITY = "iPhone Developer";
				CODE_SIGN_STYLE = Automatic;
				DEVELOPMENT_TEAM = "";
				INFOPLIST_FILE = frientinghyun/Info.plist;
				LD_RUNPATH_SEARCH_PATHS = (
					"$(inherited)",
					"@executable_path/Frameworks",
				);
				PRODUCT_BUNDLE_IDENTIFIER = com.frientinghyun.frientinghyun;
				PRODUCT_NAME = "$(TARGET_NAME)";
				PROVISIONING_PROFILE_SPECIFIER = "";
				SWIFT_VERSION = 4.0;
				TARGETED_DEVICE_FAMILY = 1;
			};
			name = Debug;
		};
		5E9F329020F5CED6003D551A /* Release */ = {
			isa = XCBuildConfiguration;
			baseConfigurationReference = 59BC8D2C1D8BE009CCFA6999 /* Pods-frientinghyun.release.xcconfig */;
			buildSettings = {
				ASSETCATALOG_COMPILER_APPICON_NAME = AppIcon;
				CODE_SIGN_IDENTITY = "iPhone Developer";
				CODE_SIGN_STYLE = Automatic;
				DEVELOPMENT_TEAM = "";
				INFOPLIST_FILE = frientinghyun/Info.plist;
				LD_RUNPATH_SEARCH_PATHS = (
					"$(inherited)",
					"@executable_path/Frameworks",
				);
				PRODUCT_BUNDLE_IDENTIFIER = com.frientinghyun.frientinghyun;
				PRODUCT_NAME = "$(TARGET_NAME)";
				PROVISIONING_PROFILE_SPECIFIER = "";
				SWIFT_VERSION = 4.0;
				TARGETED_DEVICE_FAMILY = 1;
			};
			name = Release;
		};
		5E9F329220F5CED6003D551A /* Debug */ = {
			isa = XCBuildConfiguration;
			baseConfigurationReference = 04CDF8BF2CBF78DD7E015216 /* Pods-frientinghyunTests.debug.xcconfig */;
			buildSettings = {
				ALWAYS_EMBED_SWIFT_STANDARD_LIBRARIES = YES;
				BUNDLE_LOADER = "$(TEST_HOST)";
				CODE_SIGN_STYLE = Automatic;
				DEVELOPMENT_TEAM = H35Z65HMCH;
				INFOPLIST_FILE = frientinghyunTests/Info.plist;
				LD_RUNPATH_SEARCH_PATHS = (
					"$(inherited)",
					"@executable_path/Frameworks",
					"@loader_path/Frameworks",
				);
				PRODUCT_BUNDLE_IDENTIFIER = com.frienting.frientinghyunTests;
				PRODUCT_NAME = "$(TARGET_NAME)";
				SWIFT_VERSION = 4.0;
				TARGETED_DEVICE_FAMILY = "1,2";
				TEST_HOST = "$(BUILT_PRODUCTS_DIR)/frientinghyun.app/frientinghyun";
			};
			name = Debug;
		};
		5E9F329320F5CED6003D551A /* Release */ = {
			isa = XCBuildConfiguration;
			baseConfigurationReference = 3575A8D05AAC0EDF3460B6FE /* Pods-frientinghyunTests.release.xcconfig */;
			buildSettings = {
				ALWAYS_EMBED_SWIFT_STANDARD_LIBRARIES = YES;
				BUNDLE_LOADER = "$(TEST_HOST)";
				CODE_SIGN_STYLE = Automatic;
				DEVELOPMENT_TEAM = H35Z65HMCH;
				INFOPLIST_FILE = frientinghyunTests/Info.plist;
				LD_RUNPATH_SEARCH_PATHS = (
					"$(inherited)",
					"@executable_path/Frameworks",
					"@loader_path/Frameworks",
				);
				PRODUCT_BUNDLE_IDENTIFIER = com.frienting.frientinghyunTests;
				PRODUCT_NAME = "$(TARGET_NAME)";
				SWIFT_VERSION = 4.0;
				TARGETED_DEVICE_FAMILY = "1,2";
				TEST_HOST = "$(BUILT_PRODUCTS_DIR)/frientinghyun.app/frientinghyun";
			};
			name = Release;
		};
		5E9F329520F5CED6003D551A /* Debug */ = {
			isa = XCBuildConfiguration;
			buildSettings = {
				ALWAYS_EMBED_SWIFT_STANDARD_LIBRARIES = YES;
				CODE_SIGN_STYLE = Automatic;
				DEVELOPMENT_TEAM = H35Z65HMCH;
				INFOPLIST_FILE = frientinghyunUITests/Info.plist;
				LD_RUNPATH_SEARCH_PATHS = (
					"$(inherited)",
					"@executable_path/Frameworks",
					"@loader_path/Frameworks",
				);
				PRODUCT_BUNDLE_IDENTIFIER = com.frienting.frientinghyunUITests;
				PRODUCT_NAME = "$(TARGET_NAME)";
				SWIFT_VERSION = 4.0;
				TARGETED_DEVICE_FAMILY = "1,2";
				TEST_TARGET_NAME = frientinghyun;
			};
			name = Debug;
		};
		5E9F329620F5CED6003D551A /* Release */ = {
			isa = XCBuildConfiguration;
			buildSettings = {
				ALWAYS_EMBED_SWIFT_STANDARD_LIBRARIES = YES;
				CODE_SIGN_STYLE = Automatic;
				DEVELOPMENT_TEAM = H35Z65HMCH;
				INFOPLIST_FILE = frientinghyunUITests/Info.plist;
				LD_RUNPATH_SEARCH_PATHS = (
					"$(inherited)",
					"@executable_path/Frameworks",
					"@loader_path/Frameworks",
				);
				PRODUCT_BUNDLE_IDENTIFIER = com.frienting.frientinghyunUITests;
				PRODUCT_NAME = "$(TARGET_NAME)";
				SWIFT_VERSION = 4.0;
				TARGETED_DEVICE_FAMILY = "1,2";
				TEST_TARGET_NAME = frientinghyun;
			};
			name = Release;
		};
/* End XCBuildConfiguration section */

/* Begin XCConfigurationList section */
		5E9F326120F5CED5003D551A /* Build configuration list for PBXProject "frientinghyun" */ = {
			isa = XCConfigurationList;
			buildConfigurations = (
				5E9F328C20F5CED6003D551A /* Debug */,
				5E9F328D20F5CED6003D551A /* Release */,
			);
			defaultConfigurationIsVisible = 0;
			defaultConfigurationName = Release;
		};
		5E9F328E20F5CED6003D551A /* Build configuration list for PBXNativeTarget "frientinghyun" */ = {
			isa = XCConfigurationList;
			buildConfigurations = (
				5E9F328F20F5CED6003D551A /* Debug */,
				5E9F329020F5CED6003D551A /* Release */,
			);
			defaultConfigurationIsVisible = 0;
			defaultConfigurationName = Release;
		};
		5E9F329120F5CED6003D551A /* Build configuration list for PBXNativeTarget "frientinghyunTests" */ = {
			isa = XCConfigurationList;
			buildConfigurations = (
				5E9F329220F5CED6003D551A /* Debug */,
				5E9F329320F5CED6003D551A /* Release */,
			);
			defaultConfigurationIsVisible = 0;
			defaultConfigurationName = Release;
		};
		5E9F329420F5CED6003D551A /* Build configuration list for PBXNativeTarget "frientinghyunUITests" */ = {
			isa = XCConfigurationList;
			buildConfigurations = (
				5E9F329520F5CED6003D551A /* Debug */,
				5E9F329620F5CED6003D551A /* Release */,
			);
			defaultConfigurationIsVisible = 0;
			defaultConfigurationName = Release;
		};
/* End XCConfigurationList section */
	};
	rootObject = 5E9F325E20F5CED5003D551A /* Project object */;
}
